
Microsoft Visual Studio Solution File, Format Version 12.00
# Visual Studio Version 16
VisualStudioVersion = 16.0.31205.134
MinimumVisualStudioVersion = 10.0.40219.1
Project("{FAE04EC0-301F-11D3-BF4B-00C04F79EFBC}") = "SwitchBoardConsoleApplication", "SwitchBoardConsoleApplication\SwitchBoardConsoleApplication.csproj", "{0E460083-0B54-424B-8D88-A6D4D90A38B8}"
EndProject
Global
	GlobalSection(SolutionConfigurationPlatforms) = preSolution
		Debug|Any CPU = Debug|Any CPU
		Release|Any CPU = Release|Any CPU
	EndGlobalSection
	GlobalSection(ProjectConfigurationPlatforms) = postSolution
		{0E460083-0B54-424B-8D88-A6D4D90A38B8}.Debug|Any CPU.ActiveCfg = Debug|Any CPU
		{0E460083-0B54-424B-8D88-A6D4D90A38B8}.Debug|Any CPU.Build.0 = Debug|Any CPU
		{0E460083-0B54-424B-8D88-A6D4D90A38B8}.Release|Any CPU.ActiveCfg = Release|Any CPU
		{0E460083-0B54-424B-8D88-A6D4D90A38B8}.Release|Any CPU.Build.0 = Release|Any CPU
	EndGlobalSection
	GlobalSection(SolutionProperties) = preSolution
		HideSolutionNode = FALSE
	EndGlobalSection
	GlobalSection(ExtensibilityGlobals) = postSolution
		SolutionGuid = {1CD60904-EE7E-4C4F-8CCD-5F2D03686616}
	EndGlobalSection
EndGlobal
