
Microsoft Visual Studio Solution File, Format Version 12.00
# Visual Studio Version 16
VisualStudioVersion = 16.0.31205.134
MinimumVisualStudioVersion = 10.0.40219.1
Project("{FAE04EC0-301F-11D3-BF4B-00C04F79EFBC}") = "OOPS Concepts", "OOPS Concepts\OOPS Concepts.csproj", "{CD9DA1DD-E627-4677-BEA2-B773736B5FCA}"
EndProject
Global
	GlobalSection(SolutionConfigurationPlatforms) = preSolution
		Debug|Any CPU = Debug|Any CPU
		Release|Any CPU = Release|Any CPU
	EndGlobalSection
	GlobalSection(ProjectConfigurationPlatforms) = postSolution
		{CD9DA1DD-E627-4677-BEA2-B773736B5FCA}.Debug|Any CPU.ActiveCfg = Debug|Any CPU
		{CD9DA1DD-E627-4677-BEA2-B773736B5FCA}.Debug|Any CPU.Build.0 = Debug|Any CPU
		{CD9DA1DD-E627-4677-BEA2-B773736B5FCA}.Release|Any CPU.ActiveCfg = Release|Any CPU
		{CD9DA1DD-E627-4677-BEA2-B773736B5FCA}.Release|Any CPU.Build.0 = Release|Any CPU
	EndGlobalSection
	GlobalSection(SolutionProperties) = preSolution
		HideSolutionNode = FALSE
	EndGlobalSection
	GlobalSection(ExtensibilityGlobals) = postSolution
		SolutionGuid = {E7C781D7-2F0E-4E1A-A472-1FECBF675A36}
	EndGlobalSection
EndGlobal
