
Microsoft Visual Studio Solution File, Format Version 12.00
# Visual Studio Version 16
VisualStudioVersion = 16.0.31313.79
MinimumVisualStudioVersion = 10.0.40219.1
Project("{9A19103F-16F7-4668-BE54-9A1E7A4F7556}") = "AddressBook", "AddressBook\AddressBook.csproj", "{0418B431-BC85-42EA-B166-C0B3FCBDF9D9}"
EndProject
Global
	GlobalSection(SolutionConfigurationPlatforms) = preSolution
		Debug|Any CPU = Debug|Any CPU
		Release|Any CPU = Release|Any CPU
	EndGlobalSection
	GlobalSection(ProjectConfigurationPlatforms) = postSolution
		{0418B431-BC85-42EA-B166-C0B3FCBDF9D9}.Debug|Any CPU.ActiveCfg = Debug|Any CPU
		{0418B431-BC85-42EA-B166-C0B3FCBDF9D9}.Debug|Any CPU.Build.0 = Debug|Any CPU
		{0418B431-BC85-42EA-B166-C0B3FCBDF9D9}.Release|Any CPU.ActiveCfg = Release|Any CPU
		{0418B431-BC85-42EA-B166-C0B3FCBDF9D9}.Release|Any CPU.Build.0 = Release|Any CPU
	EndGlobalSection
	GlobalSection(SolutionProperties) = preSolution
		HideSolutionNode = FALSE
	EndGlobalSection
	GlobalSection(ExtensibilityGlobals) = postSolution
		SolutionGuid = {70DD18C4-C5FC-4BEE-8924-4160C30E81FE}
	EndGlobalSection
EndGlobal
