
Microsoft Visual Studio Solution File, Format Version 12.00
# Visual Studio Version 16
VisualStudioVersion = 16.0.31205.134
MinimumVisualStudioVersion = 10.0.40219.1
Project("{FAE04EC0-301F-11D3-BF4B-00C04F79EFBC}") = "SwitchBoardConsole", "SwitchBoardConsole\SwitchBoardConsole.csproj", "{63466DE4-913C-4D79-88EB-B977F655942C}"
EndProject
Global
	GlobalSection(SolutionConfigurationPlatforms) = preSolution
		Debug|Any CPU = Debug|Any CPU
		Release|Any CPU = Release|Any CPU
	EndGlobalSection
	GlobalSection(ProjectConfigurationPlatforms) = postSolution
		{63466DE4-913C-4D79-88EB-B977F655942C}.Debug|Any CPU.ActiveCfg = Debug|Any CPU
		{63466DE4-913C-4D79-88EB-B977F655942C}.Debug|Any CPU.Build.0 = Debug|Any CPU
		{63466DE4-913C-4D79-88EB-B977F655942C}.Release|Any CPU.ActiveCfg = Release|Any CPU
		{63466DE4-913C-4D79-88EB-B977F655942C}.Release|Any CPU.Build.0 = Release|Any CPU
	EndGlobalSection
	GlobalSection(SolutionProperties) = preSolution
		HideSolutionNode = FALSE
	EndGlobalSection
	GlobalSection(ExtensibilityGlobals) = postSolution
		SolutionGuid = {129D16DB-2DE2-4EF7-833C-845BEF3344D9}
	EndGlobalSection
EndGlobal
