
Microsoft Visual Studio Solution File, Format Version 12.00
# Visual Studio Version 16
VisualStudioVersion = 16.0.31313.79
MinimumVisualStudioVersion = 10.0.40219.1
Project("{FAE04EC0-301F-11D3-BF4B-00C04F79EFBC}") = "AddressBookV2", "AddressBookV2\AddressBookV2.csproj", "{44EE0658-A20F-462C-857A-5AE0D6B10FD1}"
EndProject
Global
	GlobalSection(SolutionConfigurationPlatforms) = preSolution
		Debug|Any CPU = Debug|Any CPU
		Release|Any CPU = Release|Any CPU
	EndGlobalSection
	GlobalSection(ProjectConfigurationPlatforms) = postSolution
		{44EE0658-A20F-462C-857A-5AE0D6B10FD1}.Debug|Any CPU.ActiveCfg = Debug|Any CPU
		{44EE0658-A20F-462C-857A-5AE0D6B10FD1}.Debug|Any CPU.Build.0 = Debug|Any CPU
		{44EE0658-A20F-462C-857A-5AE0D6B10FD1}.Release|Any CPU.ActiveCfg = Release|Any CPU
		{44EE0658-A20F-462C-857A-5AE0D6B10FD1}.Release|Any CPU.Build.0 = Release|Any CPU
	EndGlobalSection
	GlobalSection(SolutionProperties) = preSolution
		HideSolutionNode = FALSE
	EndGlobalSection
	GlobalSection(ExtensibilityGlobals) = postSolution
		SolutionGuid = {F2F575D3-24C0-4B42-B591-5ACC436D4035}
	EndGlobalSection
EndGlobal
